// !$*UTF8*$!
{
	archiveVersion = 1;
	classes = {
	};
	objectVersion = 46;
	objects = {

/* Begin PBXBuildFile section */
		2158CA561DB9299900BFF745 /* AppDelegate.swift in Sources */ = {isa = PBXBuildFile; fileRef = 2158CA551DB9299900BFF745 /* AppDelegate.swift */; };
		2158CA5B1DB9299900BFF745 /* Main.storyboard in Resources */ = {isa = PBXBuildFile; fileRef = 2158CA591DB9299900BFF745 /* Main.storyboard */; };
		2158CA5D1DB9299900BFF745 /* Assets.xcassets in Resources */ = {isa = PBXBuildFile; fileRef = 2158CA5C1DB9299900BFF745 /* Assets.xcassets */; };
		2158CA601DB9299900BFF745 /* LaunchScreen.storyboard in Resources */ = {isa = PBXBuildFile; fileRef = 2158CA5E1DB9299900BFF745 /* LaunchScreen.storyboard */; };
		2158CA681DB92CA100BFF745 /* MapVC.swift in Sources */ = {isa = PBXBuildFile; fileRef = 2158CA671DB92CA100BFF745 /* MapVC.swift */; };
		2158CA6A1DB9325100BFF745 /* PlacesVC.swift in Sources */ = {isa = PBXBuildFile; fileRef = 2158CA691DB9325100BFF745 /* PlacesVC.swift */; };
		2158CA6C1DB9336200BFF745 /* Location.swift in Sources */ = {isa = PBXBuildFile; fileRef = 2158CA6B1DB9336200BFF745 /* Location.swift */; };
/* End PBXBuildFile section */

/* Begin PBXFileReference section */
		2158CA521DB9299900BFF745 /* Saving Places on a Map.app */ = {isa = PBXFileReference; explicitFileType = wrapper.application; includeInIndex = 0; path = "Saving Places on a Map.app"; sourceTree = BUILT_PRODUCTS_DIR; };
		2158CA551DB9299900BFF745 /* AppDelegate.swift */ = {isa = PBXFileReference; lastKnownFileType = sourcecode.swift; path = AppDelegate.swift; sourceTree = "<group>"; };
		2158CA5A1DB9299900BFF745 /* Base */ = {isa = PBXFileReference; lastKnownFileType = file.storyboard; name = Base; path = Base.lproj/Main.storyboard; sourceTree = "<group>"; };
		2158CA5C1DB9299900BFF745 /* Assets.xcassets */ = {isa = PBXFileReference; lastKnownFileType = folder.assetcatalog; path = Assets.xcassets; sourceTree = "<group>"; };
		2158CA5F1DB9299900BFF745 /* Base */ = {isa = PBXFileReference; lastKnownFileType = file.storyboard; name = Base; path = Base.lproj/LaunchScreen.storyboard; sourceTree = "<group>"; };
		2158CA611DB9299900BFF745 /* Info.plist */ = {isa = PBXFileReference; lastKnownFileType = text.plist.xml; path = Info.plist; sourceTree = "<group>"; };
		2158CA671DB92CA100BFF745 /* MapVC.swift */ = {isa = PBXFileReference; fileEncoding = 4; lastKnownFileType = sourcecode.swift; path = MapVC.swift; sourceTree = "<group>"; };
		2158CA691DB9325100BFF745 /* PlacesVC.swift */ = {isa = PBXFileReference; fileEncoding = 4; lastKnownFileType = sourcecode.swift; path = PlacesVC.swift; sourceTree = "<group>"; };
		2158CA6B1DB9336200BFF745 /* Location.swift */ = {isa = PBXFileReference; fileEncoding = 4; lastKnownFileType = sourcecode.swift; path = Location.swift; sourceTree = "<group>"; };
/* End PBXFileReference section */

/* Begin PBXFrameworksBuildPhase section */
		2158CA4F1DB9299800BFF745 /* Frameworks */ = {
			isa = PBXFrameworksBuildPhase;
			buildActionMask = 2147483647;
			files = (
			);
			runOnlyForDeploymentPostprocessing = 0;
		};
/* End PBXFrameworksBuildPhase section */

/* Begin PBXGroup section */
		2158CA491DB9299800BFF745 = {
			isa = PBXGroup;
			children = (
				2158CA541DB9299900BFF745 /* Saving Places on a Map */,
				2158CA531DB9299900BFF745 /* Products */,
			);
			sourceTree = "<group>";
		};
		2158CA531DB9299900BFF745 /* Products */ = {
			isa = PBXGroup;
			children = (
				2158CA521DB9299900BFF745 /* Saving Places on a Map.app */,
			);
			name = Products;
			sourceTree = "<group>";
		};
		2158CA541DB9299900BFF745 /* Saving Places on a Map */ = {
			isa = PBXGroup;
			children = (
				2158CA551DB9299900BFF745 /* AppDelegate.swift */,
				2158CA671DB92CA100BFF745 /* MapVC.swift */,
				2158CA691DB9325100BFF745 /* PlacesVC.swift */,
				2158CA6B1DB9336200BFF745 /* Location.swift */,
				2158CA591DB9299900BFF745 /* Main.storyboard */,
				2158CA5C1DB9299900BFF745 /* Assets.xcassets */,
				2158CA5E1DB9299900BFF745 /* LaunchScreen.storyboard */,
				2158CA611DB9299900BFF745 /* Info.plist */,
			);
			path = "Saving Places on a Map";
			sourceTree = "<group>";
		};
/* End PBXGroup section */

/* Begin PBXNativeTarget section */
		2158CA511DB9299800BFF745 /* Saving Places on a Map */ = {
			isa = PBXNativeTarget;
			buildConfigurationList = 2158CA641DB9299900BFF745 /* Build configuration list for PBXNativeTarget "Saving Places on a Map" */;
			buildPhases = (
				2158CA4E1DB9299800BFF745 /* Sources */,
				2158CA4F1DB9299800BFF745 /* Frameworks */,
				2158CA501DB9299800BFF745 /* Resources */,
			);
			buildRules = (
			);
			dependencies = (
			);
			name = "Saving Places on a Map";
			productName = "Saving Places on a Map";
			productReference = 2158CA521DB9299900BFF745 /* Saving Places on a Map.app */;
			productType = "com.apple.product-type.application";
		};
/* End PBXNativeTarget section */

/* Begin PBXProject section */
		2158CA4A1DB9299800BFF745 /* Project object */ = {
			isa = PBXProject;
			attributes = {
				LastSwiftUpdateCheck = 0800;
				LastUpgradeCheck = 0800;
				ORGANIZATIONNAME = "Jawad Shuaib";
				TargetAttributes = {
					2158CA511DB9299800BFF745 = {
						CreatedOnToolsVersion = 8.0;
						ProvisioningStyle = Automatic;
					};
				};
			};
			buildConfigurationList = 2158CA4D1DB9299800BFF745 /* Build configuration list for PBXProject "Saving Places on a Map" */;
			compatibilityVersion = "Xcode 3.2";
			developmentRegion = English;
			hasScannedForEncodings = 0;
			knownRegions = (
				en,
				Base,
			);
			mainGroup = 2158CA491DB9299800BFF745;
			productRefGroup = 2158CA531DB9299900BFF745 /* Products */;
			projectDirPath = "";
			projectRoot = "";
			targets = (
				2158CA511DB9299800BFF745 /* Saving Places on a Map */,
			);
		};
/* End PBXProject section */

/* Begin PBXResourcesBuildPhase section */
		2158CA501DB9299800BFF745 /* Resources */ = {
			isa = PBXResourcesBuildPhase;
			buildActionMask = 2147483647;
			files = (
				2158CA601DB9299900BFF745 /* LaunchScreen.storyboard in Resources */,
				2158CA5D1DB9299900BFF745 /* Assets.xcassets in Resources */,
				2158CA5B1DB9299900BFF745 /* Main.storyboard in Resources */,
			);
			runOnlyForDeploymentPostprocessing = 0;
		};
/* End PBXResourcesBuildPhase section */

/* Begin PBXSourcesBuildPhase section */
		2158CA4E1DB9299800BFF745 /* Sources */ = {
			isa = PBXSourcesBuildPhase;
			buildActionMask = 2147483647;
			files = (
				2158CA6A1DB9325100BFF745 /* PlacesVC.swift in Sources */,
				2158CA561DB9299900BFF745 /* AppDelegate.swift in Sources */,
				2158CA6C1DB9336200BFF745 /* Location.swift in Sources */,
				2158CA681DB92CA100BFF745 /* MapVC.swift in Sources */,
			);
			runOnlyForDeploymentPostprocessing = 0;
		};
/* End PBXSourcesBuildPhase section */

/* Begin PBXVariantGroup section */
		2158CA591DB9299900BFF745 /* Main.storyboard */ = {
			isa = PBXVariantGroup;
			children = (
				2158CA5A1DB9299900BFF745 /* Base */,
			);
			name = Main.storyboard;
			sourceTree = "<group>";
		};
		2158CA5E1DB9299900BFF745 /* LaunchScreen.storyboard */ = {
			isa = PBXVariantGroup;
			children = (
				2158CA5F1DB9299900BFF745 /* Base */,
			);
			name = LaunchScreen.storyboard;
			sourceTree = "<group>";
		};
/* End PBXVariantGroup section */

/* Begin XCBuildConfiguration section */
		2158CA621DB9299900BFF745 /* Debug */ = {
			isa = XCBuildConfiguration;
			buildSettings = {
				ALWAYS_SEARCH_USER_PATHS = NO;
				CLANG_ANALYZER_NONNULL = YES;
				CLANG_CXX_LANGUAGE_STANDARD = "gnu++0x";
				CLANG_CXX_LIBRARY = "libc++";
				CLANG_ENABLE_MODULES = YES;
				CLANG_ENABLE_OBJC_ARC = YES;
				CLANG_WARN_BOOL_CONVERSION = YES;
				CLANG_WARN_CONSTANT_CONVERSION = YES;
				CLANG_WARN_DIRECT_OBJC_ISA_USAGE = YES_ERROR;
				CLANG_WARN_DOCUMENTATION_COMMENTS = YES;
				CLANG_WARN_EMPTY_BODY = YES;
				CLANG_WARN_ENUM_CONVERSION = YES;
				CLANG_WARN_INFINITE_RECURSION = YES;
				CLANG_WARN_INT_CONVERSION = YES;
				CLANG_WARN_OBJC_ROOT_CLASS = YES_ERROR;
				CLANG_WARN_SUSPICIOUS_MOVES = YES;
				CLANG_WARN_UNREACHABLE_CODE = YES;
				CLANG_WARN__DUPLICATE_METHOD_MATCH = YES;
				"CODE_SIGN_IDENTITY[sdk=iphoneos*]" = "iPhone Developer";
				COPY_PHASE_STRIP = NO;
				DEBUG_INFORMATION_FORMAT = dwarf;
				ENABLE_STRICT_OBJC_MSGSEND = YES;
				ENABLE_TESTABILITY = YES;
				GCC_C_LANGUAGE_STANDARD = gnu99;
				GCC_DYNAMIC_NO_PIC = NO;
				GCC_NO_COMMON_BLOCKS = YES;
				GCC_OPTIMIZATION_LEVEL = 0;
				GCC_PREPROCESSOR_DEFINITIONS = (
					"DEBUG=1",
					"$(inherited)",
				);
				GCC_WARN_64_TO_32_BIT_CONVERSION = YES;
				GCC_WARN_ABOUT_RETURN_TYPE = YES_ERROR;
				GCC_WARN_UNDECLARED_SELECTOR = YES;
				GCC_WARN_UNINITIALIZED_AUTOS = YES_AGGRESSIVE;
				GCC_WARN_UNUSED_FUNCTION = YES;
				GCC_WARN_UNUSED_VARIABLE = YES;
				IPHONEOS_DEPLOYMENT_TARGET = 10.0;
				MTL_ENABLE_DEBUG_INFO = YES;
				ONLY_ACTIVE_ARCH = YES;
				SDKROOT = iphoneos;
				SWIFT_ACTIVE_COMPILATION_CONDITIONS = DEBUG;
				SWIFT_OPTIMIZATION_LEVEL = "-Onone";
				TARGETED_DEVICE_FAMILY = "1,2";
			};
			name = Debug;
		};
		2158CA631DB9299900BFF745 /* Release */ = {
			isa = XCBuildConfiguration;
			buildSettings = {
				ALWAYS_SEARCH_USER_PATHS = NO;
				CLANG_ANALYZER_NONNULL = YES;
				CLANG_CXX_LANGUAGE_STANDARD = "gnu++0x";
				CLANG_CXX_LIBRARY = "libc++";
				CLANG_ENABLE_MODULES = YES;
				CLANG_ENABLE_OBJC_ARC = YES;
				CLANG_WARN_BOOL_CONVERSION = YES;
				CLANG_WARN_CONSTANT_CONVERSION = YES;
				CLANG_WARN_DIRECT_OBJC_ISA_USAGE = YES_ERROR;
				CLANG_WARN_DOCUMENTATION_COMMENTS = YES;
				CLANG_WARN_EMPTY_BODY = YES;
				CLANG_WARN_ENUM_CONVERSION = YES;
				CLANG_WARN_INFINITE_RECURSION = YES;
				CLANG_WARN_INT_CONVERSION = YES;
				CLANG_WARN_OBJC_ROOT_CLASS = YES_ERROR;
				CLANG_WARN_SUSPICIOUS_MOVES = YES;
				CLANG_WARN_UNREACHABLE_CODE = YES;
				CLANG_WARN__DUPLICATE_METHOD_MATCH = YES;
				"CODE_SIGN_IDENTITY[sdk=iphoneos*]" = "iPhone Developer";
				COPY_PHASE_STRIP = NO;
				DEBUG_INFORMATION_FORMAT = "dwarf-with-dsym";
				ENABLE_NS_ASSERTIONS = NO;
				ENABLE_STRICT_OBJC_MSGSEND = YES;
				GCC_C_LANGUAGE_STANDARD = gnu99;
				GCC_NO_COMMON_BLOCKS = YES;
				GCC_WARN_64_TO_32_BIT_CONVERSION = YES;
				GCC_WARN_ABOUT_RETURN_TYPE = YES_ERROR;
				GCC_WARN_UNDECLARED_SELECTOR = YES;
				GCC_WARN_UNINITIALIZED_AUTOS = YES_AGGRESSIVE;
				GCC_WARN_UNUSED_FUNCTION = YES;
				GCC_WARN_UNUSED_VARIABLE = YES;
				IPHONEOS_DEPLOYMENT_TARGET = 10.0;
				MTL_ENABLE_DEBUG_INFO = NO;
				SDKROOT = iphoneos;
				SWIFT_OPTIMIZATION_LEVEL = "-Owholemodule";
				TARGETED_DEVICE_FAMILY = "1,2";
				VALIDATE_PRODUCT = YES;
			};
			name = Release;
		};
		2158CA651DB9299900BFF745 /* Debug */ = {
			isa = XCBuildConfiguration;
			buildSettings = {
				ASSETCATALOG_COMPILER_APPICON_NAME = AppIcon;
				INFOPLIST_FILE = "Saving Places on a Map/Info.plist";
				LD_RUNPATH_SEARCH_PATHS = "$(inherited) @executable_path/Frameworks";
				PRODUCT_BUNDLE_IDENTIFIER = "com.budgetelecronics.Saving-Places-on-a-Map";
				PRODUCT_NAME = "$(TARGET_NAME)";
				SWIFT_VERSION = 3.0;
			};
			name = Debug;
		};
		2158CA661DB9299900BFF745 /* Release */ = {
			isa = XCBuildConfiguration;
			buildSettings = {
				ASSETCATALOG_COMPILER_APPICON_NAME = AppIcon;
				INFOPLIST_FILE = "Saving Places on a Map/Info.plist";
				LD_RUNPATH_SEARCH_PATHS = "$(inherited) @executable_path/Frameworks";
				PRODUCT_BUNDLE_IDENTIFIER = "com.budgetelecronics.Saving-Places-on-a-Map";
				PRODUCT_NAME = "$(TARGET_NAME)";
				SWIFT_VERSION = 3.0;
			};
			name = Release;
		};
/* End XCBuildConfiguration section */

/* Begin XCConfigurationList section */
		2158CA4D1DB9299800BFF745 /* Build configuration list for PBXProject "Saving Places on a Map" */ = {
			isa = XCConfigurationList;
			buildConfigurations = (
				2158CA621DB9299900BFF745 /* Debug */,
				2158CA631DB9299900BFF745 /* Release */,
			);
			defaultConfigurationIsVisible = 0;
			defaultConfigurationName = Release;
		};
		2158CA641DB9299900BFF745 /* Build configuration list for PBXNativeTarget "Saving Places on a Map" */ = {
			isa = XCConfigurationList;
			buildConfigurations = (
				2158CA651DB9299900BFF745 /* Debug */,
				2158CA661DB9299900BFF745 /* Release */,
			);
			defaultConfigurationIsVisible = 0;
		};
/* End XCConfigurationList section */
	};
	rootObject = 2158CA4A1DB9299800BFF745 /* Project object */;
}
